<?xml version="1.0" encoding="utf-8"?>
<Project ToolsVersion="4.0" xmlns="http://schemas.microsoft.com/developer/msbuild/2003">
  <ItemGroup>
    <Filter Include="Source Files">
      <UniqueIdentifier>{4FC737F1-C7A5-4376-A066-2A32D752A2FF}</UniqueIdentifier>
      <Extensions>cpp;c;cc;cxx;def;odl;idl;hpj;bat;asm;asmx</Extensions>
    </Filter>
    <Filter Include="Header Files">
      <UniqueIdentifier>{93995380-89BD-4b04-88EB-625FBE52EBFB}</UniqueIdentifier>
      <Extensions>h;hh;hpp;hxx;hm;inl;inc;xsd</Extensions>
    </Filter>
    <Filter Include="Resource Files">
      <UniqueIdentifier>{67DA6AB6-F800-4c08-8B7A-83BB121AAD01}</UniqueIdentifier>
      <Extensions>rc;ico;cur;bmp;dlg;rc2;rct;bin;rgs;gif;jpg;jpeg;jpe;resx;tiff;tif;png;wav;mfcribbon-ms</Extensions>
    </Filter>
  </ItemGroup>
  <ItemGroup>
    <ClInclude Include="manager.h">
      <Filter>Header Files</Filter>
    </ClInclude>
    <ClInclude Include="movieobject.h">
      <Filter>Header Files</Filter>
    </ClInclude>
    <ClInclude Include="movieobjectcontainer.h">
      <Filter>Header Files</Filter>
    </ClInclude>
    <ClInclude Include="classicobj.h">
      <Filter>Header Files</Filter>
    </ClInclude>
    <ClInclude Include="dramaobj.h">
      <Filter>Header Files</Filter>
    </ClInclude>
    <ClInclude Include="comedyobj.h">
      <Filter>Header Files</Filter>
    </ClInclude>
    <ClInclude Include="userobjectcontainer.h">
      <Filter>Header Files</Filter>
    </ClInclude>
    <ClInclude Include="userobject.h">
      <Filter>Header Files</Filter>
    </ClInclude>
    <ClInclude Include="customerobj.h">
      <Filter>Header Files</Filter>
    </ClInclude>
    <ClInclude Include="object.h">
      <Filter>Header Files</Filter>
    </ClInclude>
    <ClInclude Include="objectcontroller.h">
      <Filter>Header Files</Filter>
    </ClInclude>
    <ClInclude Include="objectcontainer.h">
      <Filter>Header Files</Filter>
    </ClInclude>
    <ClInclude Include="factory.h">
      <Filter>Header Files</Filter>
    </ClInclude>
    <ClInclude Include="classicobjcontainer.h">
      <Filter>Header Files</Filter>
    </ClInclude>
    <ClInclude Include="comedyobjcontainer.h">
      <Filter>Header Files</Filter>
    </ClInclude>
    <ClInclude Include="dramaobjcontainer.h">
      <Filter>Header Files</Filter>
    </ClInclude>
    <ClInclude Include="factorycontroller.h">
      <Filter>Header Files</Filter>
    </ClInclude>
    <ClInclude Include="moviefactory.h">
      <Filter>Header Files</Filter>
    </ClInclude>
    <ClInclude Include="userfactory.h">
      <Filter>Header Files</Filter>
    </ClInclude>
    <ClInclude Include="customerFactory.h">
      <Filter>Header Files</Filter>
    </ClInclude>
    <ClInclude Include="customerobjcontainer.h">
      <Filter>Header Files</Filter>
    </ClInclude>
  </ItemGroup>
  <ItemGroup>
    <ClCompile Include="manager.cpp">
      <Filter>Source Files</Filter>
    </ClCompile>
    <ClCompile Include="movieobject.cpp">
      <Filter>Source Files</Filter>
    </ClCompile>
    <ClCompile Include="movieobjectcontainer.cpp">
      <Filter>Source Files</Filter>
    </ClCompile>
    <ClCompile Include="factory.cpp">
      <Filter>Source Files</Filter>
    </ClCompile>
    <ClCompile Include="classicobj.cpp">
      <Filter>Source Files</Filter>
    </ClCompile>
    <ClCompile Include="testmain.cpp">
      <Filter>Source Files</Filter>
    </ClCompile>
    <ClCompile Include="object.cpp">
      <Filter>Source Files</Filter>
    </ClCompile>
    <ClCompile Include="dramaobj.cpp">
      <Filter>Source Files</Filter>
    </ClCompile>
    <ClCompile Include="comedyobj.cpp">
      <Filter>Source Files</Filter>
    </ClCompile>
    <ClCompile Include="objectcontroller.cpp">
      <Filter>Source Files</Filter>
    </ClCompile>
    <ClCompile Include="objectcontainer.cpp">
      <Filter>Source Files</Filter>
    </ClCompile>
    <ClCompile Include="classicobjcontainer.cpp">
      <Filter>Source Files</Filter>
    </ClCompile>
    <ClCompile Include="comedyobjcontainer.cpp">
      <Filter>Source Files</Filter>
    </ClCompile>
    <ClCompile Include="dramaobjcontainer.cpp">
      <Filter>Source Files</Filter>
    </ClCompile>
    <ClCompile Include="factorycontroller.cpp">
      <Filter>Source Files</Filter>
    </ClCompile>
    <ClCompile Include="moviefactory.cpp">
      <Filter>Source Files</Filter>
    </ClCompile>
    <ClCompile Include="userfactory.cpp">
      <Filter>Source Files</Filter>
    </ClCompile>
    <ClCompile Include="customerobj.cpp">
      <Filter>Source Files</Filter>
    </ClCompile>
    <ClCompile Include="userobject.cpp">
      <Filter>Source Files</Filter>
    </ClCompile>
    <ClCompile Include="customerfactory.cpp">
      <Filter>Source Files</Filter>
    </ClCompile>
    <ClCompile Include="customerobjcontainer.cpp">
      <Filter>Source Files</Filter>
    </ClCompile>
    <ClCompile Include="userobjectcontainer.cpp">
      <Filter>Source Files</Filter>
    </ClCompile>
  </ItemGroup>
</Project>